// !$*UTF8*$!
{
	archiveVersion = 1;
	classes = {
	};
	objectVersion = 52;
	objects = {

/* Begin PBXBuildFile section */
		7F38E48426BF8D88000F4EBC /* SwiftGenTestApp.swift in Sources */ = {isa = PBXBuildFile; fileRef = 7F38E48326BF8D88000F4EBC /* SwiftGenTestApp.swift */; };
		7F38E48626BF8D88000F4EBC /* ContentView.swift in Sources */ = {isa = PBXBuildFile; fileRef = 7F38E48526BF8D88000F4EBC /* ContentView.swift */; };
		7F38E48826BF8D88000F4EBC /* Assets.xcassets in Resources */ = {isa = PBXBuildFile; fileRef = 7F38E48726BF8D88000F4EBC /* Assets.xcassets */; };
		7F38E49A26BF93DC000F4EBC /* swiftgen.yml in Sources */ = {isa = PBXBuildFile; fileRef = 7F38E49226BF8EC6000F4EBC /* swiftgen.yml */; };
/* End PBXBuildFile section */

/* Begin PBXBuildRule section */
		7F38E49426BF8ED9000F4EBC /* PBXBuildRule */ = {
			isa = PBXBuildRule;
			compilerSpec = com.apple.compilers.proxy.script;
			filePatterns = "*/swiftgen.yml";
			fileType = pattern.proxy;
			inputFiles = (
				"$(INPUT_FILE_DIR)/Assets.xcassets",
				"$(INPUT_FILE_PATH)",
			);
			isEditable = 1;
			outputFiles = (
				"$(DERIVED_FILE_DIR)/SwiftGenGenerated/XCAssets+Generated.swift",
			);
			runOncePerArchitecture = 0;
			script = "swiftgen config run --config \"$INPUT_FILE_PATH\"\n";
		};
/* End PBXBuildRule section */

/* Begin PBXFileReference section */
		7F38E48026BF8D88000F4EBC /* SwiftGenBuildRule.app */ = {isa = PBXFileReference; explicitFileType = wrapper.application; includeInIndex = 0; path = SwiftGenBuildRule.app; sourceTree = BUILT_PRODUCTS_DIR; };
		7F38E48326BF8D88000F4EBC /* SwiftGenTestApp.swift */ = {isa = PBXFileReference; lastKnownFileType = sourcecode.swift; path = SwiftGenTestApp.swift; sourceTree = "<group>"; };
		7F38E48526BF8D88000F4EBC /* ContentView.swift */ = {isa = PBXFileReference; lastKnownFileType = sourcecode.swift; path = ContentView.swift; sourceTree = "<group>"; };
		7F38E48726BF8D88000F4EBC /* Assets.xcassets */ = {isa = PBXFileReference; lastKnownFileType = folder.assetcatalog; path = Assets.xcassets; sourceTree = "<group>"; };
		7F38E48C26BF8D88000F4EBC /* Info.plist */ = {isa = PBXFileReference; lastKnownFileType = text.plist.xml; path = Info.plist; sourceTree = "<group>"; };
		7F38E49226BF8EC6000F4EBC /* swiftgen.yml */ = {isa = PBXFileReference; fileEncoding = 4; lastKnownFileType = text.yaml; path = swiftgen.yml; sourceTree = "<group>"; };
/* End PBXFileReference section */

/* Begin PBXFrameworksBuildPhase section */
		7F38E47D26BF8D88000F4EBC /* Frameworks */ = {
			isa = PBXFrameworksBuildPhase;
			buildActionMask = 2147483647;
			files = (
			);
			runOnlyForDeploymentPostprocessing = 0;
		};
/* End PBXFrameworksBuildPhase section */

/* Begin PBXGroup section */
		7F38E47726BF8D87000F4EBC = {
			isa = PBXGroup;
			children = (
				7F38E48226BF8D88000F4EBC /* SwiftGenBuildRule */,
				7F38E48126BF8D88000F4EBC /* Products */,
			);
			sourceTree = "<group>";
		};
		7F38E48126BF8D88000F4EBC /* Products */ = {
			isa = PBXGroup;
			children = (
				7F38E48026BF8D88000F4EBC /* SwiftGenBuildRule.app */,
			);
			name = Products;
			sourceTree = "<group>";
		};
		7F38E48226BF8D88000F4EBC /* SwiftGenBuildRule */ = {
			isa = PBXGroup;
			children = (
				7F38E48726BF8D88000F4EBC /* Assets.xcassets */,
				7F38E48526BF8D88000F4EBC /* ContentView.swift */,
				7F38E48C26BF8D88000F4EBC /* Info.plist */,
				7F38E49226BF8EC6000F4EBC /* swiftgen.yml */,
				7F38E48326BF8D88000F4EBC /* SwiftGenTestApp.swift */,
			);
			path = SwiftGenBuildRule;
			sourceTree = "<group>";
		};
/* End PBXGroup section */

/* Begin PBXNativeTarget section */
		7F38E47F26BF8D88000F4EBC /* SwiftGenBuildRule */ = {
			isa = PBXNativeTarget;
			buildConfigurationList = 7F38E48F26BF8D88000F4EBC /* Build configuration list for PBXNativeTarget "SwiftGenBuildRule" */;
			buildPhases = (
				7F38E47C26BF8D88000F4EBC /* Sources */,
				7F38E47D26BF8D88000F4EBC /* Frameworks */,
				7F38E47E26BF8D88000F4EBC /* Resources */,
			);
			buildRules = (
				7F38E49426BF8ED9000F4EBC /* PBXBuildRule */,
			);
			dependencies = (
			);
			name = SwiftGenBuildRule;
			productName = SwiftGenTest;
			productReference = 7F38E48026BF8D88000F4EBC /* SwiftGenBuildRule.app */;
			productType = "com.apple.product-type.application";
		};
/* End PBXNativeTarget section */

/* Begin PBXProject section */
		7F38E47826BF8D87000F4EBC /* Project object */ = {
			isa = PBXProject;
			attributes = {
				LastSwiftUpdateCheck = 1250;
				LastUpgradeCheck = 1250;
				TargetAttributes = {
					7F38E47F26BF8D88000F4EBC = {
						CreatedOnToolsVersion = 12.5;
					};
				};
			};
			buildConfigurationList = 7F38E47B26BF8D87000F4EBC /* Build configuration list for PBXProject "SwiftGenBuildRule" */;
			compatibilityVersion = "Xcode 9.3";
			developmentRegion = en;
			hasScannedForEncodings = 0;
			knownRegions = (
				en,
				Base,
			);
			mainGroup = 7F38E47726BF8D87000F4EBC;
			productRefGroup = 7F38E48126BF8D88000F4EBC /* Products */;
			projectDirPath = "";
			projectRoot = "";
			targets = (
				7F38E47F26BF8D88000F4EBC /* SwiftGenBuildRule */,
			);
		};
/* End PBXProject section */

/* Begin PBXResourcesBuildPhase section */
		7F38E47E26BF8D88000F4EBC /* Resources */ = {
			isa = PBXResourcesBuildPhase;
			buildActionMask = 2147483647;
			files = (
				7F38E48826BF8D88000F4EBC /* Assets.xcassets in Resources */,
			);
			runOnlyForDeploymentPostprocessing = 0;
		};
/* End PBXResourcesBuildPhase section */

/* Begin PBXSourcesBuildPhase section */
		7F38E47C26BF8D88000F4EBC /* Sources */ = {
			isa = PBXSourcesBuildPhase;
			buildActionMask = 2147483647;
			files = (
				7F38E48626BF8D88000F4EBC /* ContentView.swift in Sources */,
				7F38E48426BF8D88000F4EBC /* SwiftGenTestApp.swift in Sources */,
				7F38E49A26BF93DC000F4EBC /* swiftgen.yml in Sources */,
			);
			runOnlyForDeploymentPostprocessing = 0;
		};
/* End PBXSourcesBuildPhase section */

/* Begin XCBuildConfiguration section */
		7F38E48D26BF8D88000F4EBC /* Debug */ = {
			isa = XCBuildConfiguration;
			buildSettings = {
				ALWAYS_SEARCH_USER_PATHS = NO;
				CLANG_ANALYZER_NONNULL = YES;
				CLANG_ANALYZER_NUMBER_OBJECT_CONVERSION = YES_AGGRESSIVE;
				CLANG_CXX_LANGUAGE_STANDARD = "gnu++14";
				CLANG_CXX_LIBRARY = "libc++";
				CLANG_ENABLE_MODULES = YES;
				CLANG_ENABLE_OBJC_ARC = YES;
				CLANG_ENABLE_OBJC_WEAK = YES;
				CLANG_WARN_BLOCK_CAPTURE_AUTORELEASING = YES;
				CLANG_WARN_BOOL_CONVERSION = YES;
				CLANG_WARN_COMMA = YES;
				CLANG_WARN_CONSTANT_CONVERSION = YES;
				CLANG_WARN_DEPRECATED_OBJC_IMPLEMENTATIONS = YES;
				CLANG_WARN_DIRECT_OBJC_ISA_USAGE = YES_ERROR;
				CLANG_WARN_DOCUMENTATION_COMMENTS = YES;
				CLANG_WARN_EMPTY_BODY = YES;
				CLANG_WARN_ENUM_CONVERSION = YES;
				CLANG_WARN_INFINITE_RECURSION = YES;
				CLANG_WARN_INT_CONVERSION = YES;
				CLANG_WARN_NON_LITERAL_NULL_CONVERSION = YES;
				CLANG_WARN_OBJC_IMPLICIT_RETAIN_SELF = YES;
				CLANG_WARN_OBJC_LITERAL_CONVERSION = YES;
				CLANG_WARN_OBJC_ROOT_CLASS = YES_ERROR;
				CLANG_WARN_QUOTED_INCLUDE_IN_FRAMEWORK_HEADER = YES;
				CLANG_WARN_RANGE_LOOP_ANALYSIS = YES;
				CLANG_WARN_STRICT_PROTOTYPES = YES;
				CLANG_WARN_SUSPICIOUS_MOVE = YES;
				CLANG_WARN_UNGUARDED_AVAILABILITY = YES_AGGRESSIVE;
				CLANG_WARN_UNREACHABLE_CODE = YES;
				CLANG_WARN__DUPLICATE_METHOD_MATCH = YES;
				COPY_PHASE_STRIP = NO;
				DEBUG_INFORMATION_FORMAT = dwarf;
				ENABLE_STRICT_OBJC_MSGSEND = YES;
				ENABLE_TESTABILITY = YES;
				GCC_C_LANGUAGE_STANDARD = gnu11;
				GCC_DYNAMIC_NO_PIC = NO;
				GCC_NO_COMMON_BLOCKS = YES;
				GCC_OPTIMIZATION_LEVEL = 0;
				GCC_PREPROCESSOR_DEFINITIONS = (
					"DEBUG=1",
					"$(inherited)",
				);
				GCC_WARN_64_TO_32_BIT_CONVERSION = YES;
				GCC_WARN_ABOUT_RETURN_TYPE = YES_ERROR;
				GCC_WARN_UNDECLARED_SELECTOR = YES;
				GCC_WARN_UNINITIALIZED_AUTOS = YES_AGGRESSIVE;
				GCC_WARN_UNUSED_FUNCTION = YES;
				GCC_WARN_UNUSED_VARIABLE = YES;
				IPHONEOS_DEPLOYMENT_TARGET = 14.5;
				MTL_ENABLE_DEBUG_INFO = INCLUDE_SOURCE;
				MTL_FAST_MATH = YES;
				ONLY_ACTIVE_ARCH = YES;
				SDKROOT = iphoneos;
				SWIFT_ACTIVE_COMPILATION_CONDITIONS = DEBUG;
				SWIFT_OPTIMIZATION_LEVEL = "-Onone";
			};
			name = Debug;
		};
		7F38E48E26BF8D88000F4EBC /* Release */ = {
			isa = XCBuildConfiguration;
			buildSettings = {
				ALWAYS_SEARCH_USER_PATHS = NO;
				CLANG_ANALYZER_NONNULL = YES;
				CLANG_ANALYZER_NUMBER_OBJECT_CONVERSION = YES_AGGRESSIVE;
				CLANG_CXX_LANGUAGE_STANDARD = "gnu++14";
				CLANG_CXX_LIBRARY = "libc++";
				CLANG_ENABLE_MODULES = YES;
				CLANG_ENABLE_OBJC_ARC = YES;
				CLANG_ENABLE_OBJC_WEAK = YES;
				CLANG_WARN_BLOCK_CAPTURE_AUTORELEASING = YES;
				CLANG_WARN_BOOL_CONVERSION = YES;
				CLANG_WARN_COMMA = YES;
				CLANG_WARN_CONSTANT_CONVERSION = YES;
				CLANG_WARN_DEPRECATED_OBJC_IMPLEMENTATIONS = YES;
				CLANG_WARN_DIRECT_OBJC_ISA_USAGE = YES_ERROR;
				CLANG_WARN_DOCUMENTATION_COMMENTS = YES;
				CLANG_WARN_EMPTY_BODY = YES;
				CLANG_WARN_ENUM_CONVERSION = YES;
				CLANG_WARN_INFINITE_RECURSION = YES;
				CLANG_WARN_INT_CONVERSION = YES;
				CLANG_WARN_NON_LITERAL_NULL_CONVERSION = YES;
				CLANG_WARN_OBJC_IMPLICIT_RETAIN_SELF = YES;
				CLANG_WARN_OBJC_LITERAL_CONVERSION = YES;
				CLANG_WARN_OBJC_ROOT_CLASS = YES_ERROR;
				CLANG_WARN_QUOTED_INCLUDE_IN_FRAMEWORK_HEADER = YES;
				CLANG_WARN_RANGE_LOOP_ANALYSIS = YES;
				CLANG_WARN_STRICT_PROTOTYPES = YES;
				CLANG_WARN_SUSPICIOUS_MOVE = YES;
				CLANG_WARN_UNGUARDED_AVAILABILITY = YES_AGGRESSIVE;
				CLANG_WARN_UNREACHABLE_CODE = YES;
				CLANG_WARN__DUPLICATE_METHOD_MATCH = YES;
				COPY_PHASE_STRIP = NO;
				DEBUG_INFORMATION_FORMAT = "dwarf-with-dsym";
				ENABLE_NS_ASSERTIONS = NO;
				ENABLE_STRICT_OBJC_MSGSEND = YES;
				GCC_C_LANGUAGE_STANDARD = gnu11;
				GCC_NO_COMMON_BLOCKS = YES;
				GCC_WARN_64_TO_32_BIT_CONVERSION = YES;
				GCC_WARN_ABOUT_RETURN_TYPE = YES_ERROR;
				GCC_WARN_UNDECLARED_SELECTOR = YES;
				GCC_WARN_UNINITIALIZED_AUTOS = YES_AGGRESSIVE;
				GCC_WARN_UNUSED_FUNCTION = YES;
				GCC_WARN_UNUSED_VARIABLE = YES;
				IPHONEOS_DEPLOYMENT_TARGET = 14.5;
				MTL_ENABLE_DEBUG_INFO = NO;
				MTL_FAST_MATH = YES;
				SDKROOT = iphoneos;
				SWIFT_COMPILATION_MODE = wholemodule;
				SWIFT_OPTIMIZATION_LEVEL = "-O";
				VALIDATE_PRODUCT = YES;
			};
			name = Release;
		};
		7F38E49026BF8D88000F4EBC /* Debug */ = {
			isa = XCBuildConfiguration;
			buildSettings = {
				ASSETCATALOG_COMPILER_APPICON_NAME = AppIcon;
				ASSETCATALOG_COMPILER_GLOBAL_ACCENT_COLOR_NAME = AccentColor;
				CODE_SIGN_STYLE = Automatic;
				DEVELOPMENT_TEAM = UB3GT59Z2L;
				ENABLE_PREVIEWS = YES;
				INFOPLIST_FILE = SwiftGenBuildRule/Info.plist;
				IPHONEOS_DEPLOYMENT_TARGET = 14.0;
				LD_RUNPATH_SEARCH_PATHS = (
					"$(inherited)",
					"@executable_path/Frameworks",
				);
				PRODUCT_BUNDLE_IDENTIFIER = computer.gareth.SwiftGenBuildRule;
				PRODUCT_NAME = "$(TARGET_NAME)";
				SWIFT_VERSION = 5.0;
				TARGETED_DEVICE_FAMILY = "1,2";
			};
			name = Debug;
		};
		7F38E49126BF8D88000F4EBC /* Release */ = {
			isa = XCBuildConfiguration;
			buildSettings = {
				ASSETCATALOG_COMPILER_APPICON_NAME = AppIcon;
				ASSETCATALOG_COMPILER_GLOBAL_ACCENT_COLOR_NAME = AccentColor;
				CODE_SIGN_STYLE = Automatic;
				DEVELOPMENT_TEAM = UB3GT59Z2L;
				ENABLE_PREVIEWS = YES;
				INFOPLIST_FILE = SwiftGenBuildRule/Info.plist;
				IPHONEOS_DEPLOYMENT_TARGET = 14.0;
				LD_RUNPATH_SEARCH_PATHS = (
					"$(inherited)",
					"@executable_path/Frameworks",
				);
				PRODUCT_BUNDLE_IDENTIFIER = computer.gareth.SwiftGenBuildRule;
				PRODUCT_NAME = "$(TARGET_NAME)";
				SWIFT_VERSION = 5.0;
				TARGETED_DEVICE_FAMILY = "1,2";
			};
			name = Release;
		};
/* End XCBuildConfiguration section */

/* Begin XCConfigurationList section */
		7F38E47B26BF8D87000F4EBC /* Build configuration list for PBXProject "SwiftGenBuildRule" */ = {
			isa = XCConfigurationList;
			buildConfigurations = (
				7F38E48D26BF8D88000F4EBC /* Debug */,
				7F38E48E26BF8D88000F4EBC /* Release */,
			);
			defaultConfigurationIsVisible = 0;
			defaultConfigurationName = Release;
		};
		7F38E48F26BF8D88000F4EBC /* Build configuration list for PBXNativeTarget "SwiftGenBuildRule" */ = {
			isa = XCConfigurationList;
			buildConfigurations = (
				7F38E49026BF8D88000F4EBC /* Debug */,
				7F38E49126BF8D88000F4EBC /* Release */,
			);
			defaultConfigurationIsVisible = 0;
			defaultConfigurationName = Release;
		};
/* End XCConfigurationList section */
	};
	rootObject = 7F38E47826BF8D87000F4EBC /* Project object */;
}
